
Microsoft Visual Studio Solution File, Format Version 12.00
# Visual Studio Version 17
VisualStudioVersion = 17.11.35431.28
MinimumVisualStudioVersion = 10.0.40219.1
Project("{8BC9CEB8-8B4A-11D0-8D11-00A0C91BC942}") = "Kombat-Arena", "Kombat-Arena.vcxproj", "{49725D01-F555-4991-8D88-15CC1840F673}"
EndProject
Global
	GlobalSection(SolutionConfigurationPlatforms) = preSolution
		Debug|x64 = Debug|x64
		Debug|x86 = Debug|x86
		Release|x64 = Release|x64
		Release|x86 = Release|x86
	EndGlobalSection
	GlobalSection(ProjectConfigurationPlatforms) = postSolution
		{49725D01-F555-4991-8D88-15CC1840F673}.Debug|x64.ActiveCfg = Debug|x64
		{49725D01-F555-4991-8D88-15CC1840F673}.Debug|x64.Build.0 = Debug|x64
		{49725D01-F555-4991-8D88-15CC1840F673}.Debug|x86.ActiveCfg = Debug|Win32
		{49725D01-F555-4991-8D88-15CC1840F673}.Debug|x86.Build.0 = Debug|Win32
		{49725D01-F555-4991-8D88-15CC1840F673}.Release|x64.ActiveCfg = Release|x64
		{49725D01-F555-4991-8D88-15CC1840F673}.Release|x64.Build.0 = Release|x64
		{49725D01-F555-4991-8D88-15CC1840F673}.Release|x86.ActiveCfg = Release|Win32
		{49725D01-F555-4991-8D88-15CC1840F673}.Release|x86.Build.0 = Release|Win32
	EndGlobalSection
	GlobalSection(SolutionProperties) = preSolution
		HideSolutionNode = FALSE
	EndGlobalSection
	GlobalSection(ExtensibilityGlobals) = postSolution
		SolutionGuid = {AD058519-482C-43D9-84E0-AB72FEACF95D}
	EndGlobalSection
EndGlobal
